// !$*UTF8*$!
{
	archiveVersion = 1;
	classes = {
	};
	objectVersion = 110;
	objects = {

/* Begin PBXContainerItemProxy section */
		71BA7918300FD5EC0022131F /* PBXContainerItemProxy */ = {
			isa = PBXContainerItemProxy;
			containerPortal = 71BA7900300FD5EB0022131F /* Project object */;
			proxyType = 1;
			remoteGlobalIDString = 71BA7907300FD5EB0022131F;
			remoteInfo = ListenHere;
		};
		71BA7922300FD5EC0022131F /* PBXContainerItemProxy */ = {
			isa = PBXContainerItemProxy;
			containerPortal = 71BA7900300FD5EB0022131F /* Project object */;
			proxyType = 1;
			remoteGlobalIDString = 71BA7907300FD5EB0022131F;
			remoteInfo = ListenHere;
		};
/* End PBXContainerItemProxy section */

/* Begin PBXFileReference section */
		71BA7908300FD5EB0022131F /* ListenHere.app */ = {isa = PBXFileReference; explicitFileType = wrapper.application; includeInIndex = 0; path = ListenHere.app; sourceTree = BUILT_PRODUCTS_DIR; };
		71BA7917300FD5EC0022131F /* ListenHereTests.xctest */ = {isa = PBXFileReference; explicitFileType = wrapper.cfbundle; includeInIndex = 0; path = ListenHereTests.xctest; sourceTree = BUILT_PRODUCTS_DIR; };
		71BA7921300FD5EC0022131F /* ListenHereUITests.xctest */ = {isa = PBXFileReference; explicitFileType = wrapper.cfbundle; includeInIndex = 0; path = ListenHereUITests.xctest; sourceTree = BUILT_PRODUCTS_DIR; };
/* End PBXFileReference section */

/* Begin PBXFileSystemSynchronizedRootGroup section */
		71BA790A300FD5EB0022131F /* ListenHere */ = {
			isa = PBXFileSystemSynchronizedRootGroup;
			path = ListenHere;
			sourceTree = "<group>";
		};
		71BA791A300FD5EC0022131F /* ListenHereTests */ = {
			isa = PBXFileSystemSynchronizedRootGroup;
			path = ListenHereTests;
			sourceTree = "<group>";
		};
		71BA7924300FD5EC0022131F /* ListenHereUITests */ = {
			isa = PBXFileSystemSynchronizedRootGroup;
			path = ListenHereUITests;
			sourceTree = "<group>";
		};
/* End PBXFileSystemSynchronizedRootGroup section */

/* Begin PBXFrameworksBuildPhase section */
		71BA7905300FD5EB0022131F /* Frameworks */ = {
			isa = PBXFrameworksBuildPhase;
			files = (
			);
		};
		71BA7914300FD5EC0022131F /* Frameworks */ = {
			isa = PBXFrameworksBuildPhase;
			files = (
			);
		};
		71BA791E300FD5EC0022131F /* Frameworks */ = {
			isa = PBXFrameworksBuildPhase;
			files = (
			);
		};
/* End PBXFrameworksBuildPhase section */

/* Begin PBXGroup section */
		71BA78FF300FD5EB0022131F = {
			isa = PBXGroup;
			children = (
				71BA790A300FD5EB0022131F /* ListenHere */,
				71BA791A300FD5EC0022131F /* ListenHereTests */,
				71BA7924300FD5EC0022131F /* ListenHereUITests */,
				71BA7909300FD5EB0022131F /* Products */,
			);
			sourceTree = "<group>";
		};
		71BA7909300FD5EB0022131F /* Products */ = {
			isa = PBXGroup;
			children = (
				71BA7908300FD5EB0022131F /* ListenHere.app */,
				71BA7917300FD5EC0022131F /* ListenHereTests.xctest */,
				71BA7921300FD5EC0022131F /* ListenHereUITests.xctest */,
			);
			name = Products;
			sourceTree = "<group>";
		};
/* End PBXGroup section */

/* Begin PBXNativeTarget section */
		71BA7907300FD5EB0022131F /* ListenHere */ = {
			isa = PBXNativeTarget;
			buildConfigurationList = 71BA7929300FD5EC0022131F /* Build configuration list for PBXNativeTarget "ListenHere" */;
			buildPhases = (
				71BA7904300FD5EB0022131F /* Sources */,
				71BA7905300FD5EB0022131F /* Frameworks */,
				71BA7906300FD5EB0022131F /* Resources */,
			);
			buildRules = (
			);
			fileSystemSynchronizedGroups = (
				71BA790A300FD5EB0022131F /* ListenHere */,
			);
			name = ListenHere;
			productName = ListenHere;
			productReference = 71BA7908300FD5EB0022131F /* ListenHere.app */;
			productType = "com.apple.product-type.application";
		};
		71BA7916300FD5EC0022131F /* ListenHereTests */ = {
			isa = PBXNativeTarget;
			buildConfigurationList = 71BA792C300FD5EC0022131F /* Build configuration list for PBXNativeTarget "ListenHereTests" */;
			buildPhases = (
				71BA7913300FD5EC0022131F /* Sources */,
				71BA7914300FD5EC0022131F /* Frameworks */,
				71BA7915300FD5EC0022131F /* Resources */,
			);
			buildRules = (
			);
			dependencies = (
				71BA7919300FD5EC0022131F /* PBXTargetDependency */,
			);
			fileSystemSynchronizedGroups = (
				71BA791A300FD5EC0022131F /* ListenHereTests */,
			);
			name = ListenHereTests;
			productName = ListenHereTests;
			productReference = 71BA7917300FD5EC0022131F /* ListenHereTests.xctest */;
			productType = "com.apple.product-type.bundle.unit-test";
		};
		71BA7920300FD5EC0022131F /* ListenHereUITests */ = {
			isa = PBXNativeTarget;
			buildConfigurationList = 71BA792F300FD5EC0022131F /* Build configuration list for PBXNativeTarget "ListenHereUITests" */;
			buildPhases = (
				71BA791D300FD5EC0022131F /* Sources */,
				71BA791E300FD5EC0022131F /* Frameworks */,
				71BA791F300FD5EC0022131F /* Resources */,
			);
			buildRules = (
			);
			dependencies = (
				71BA7923300FD5EC0022131F /* PBXTargetDependency */,
			);
			fileSystemSynchronizedGroups = (
				71BA7924300FD5EC0022131F /* ListenHereUITests */,
			);
			name = ListenHereUITests;
			productName = ListenHereUITests;
			productReference = 71BA7921300FD5EC0022131F /* ListenHereUITests.xctest */;
			productType = "com.apple.product-type.bundle.ui-testing";
		};
/* End PBXNativeTarget section */

/* Begin PBXProject section */
		71BA7900300FD5EB0022131F /* Project object */ = {
			isa = PBXProject;
			attributes = {
				BuildIndependentTargetsInParallel = 1;
				LastSwiftUpdateCheck = 2700;
				LastUpgradeCheck = 2700;
				TargetAttributes = {
					71BA7907300FD5EB0022131F = {
						CreatedOnToolsVersion = 27.0;
					};
					71BA7916300FD5EC0022131F = {
						CreatedOnToolsVersion = 27.0;
						TestTargetID = 71BA7907300FD5EB0022131F;
					};
					71BA7920300FD5EC0022131F = {
						CreatedOnToolsVersion = 27.0;
						TestTargetID = 71BA7907300FD5EB0022131F;
					};
				};
			};
			buildConfigurationList = 71BA7903300FD5EB0022131F /* Build configuration list for PBXProject "ListenHere" */;
			developmentRegion = en;
			hasScannedForEncodings = 0;
			knownRegions = (
				en,
				Base,
			);
			mainGroup = 71BA78FF300FD5EB0022131F;
			minimizedProjectReferenceProxies = 1;
			preferredProjectObjectVersion = 77;
			productRefGroup = 71BA7909300FD5EB0022131F /* Products */;
			projectDirPath = "";
			projectRoot = "";
			targets = (
				71BA7907300FD5EB0022131F /* ListenHere */,
				71BA7916300FD5EC0022131F /* ListenHereTests */,
				71BA7920300FD5EC0022131F /* ListenHereUITests */,
			);
		};
/* End PBXProject section */

/* Begin PBXResourcesBuildPhase section */
		71BA7906300FD5EB0022131F /* Resources */ = {
			isa = PBXResourcesBuildPhase;
			files = (
			);
		};
		71BA7915300FD5EC0022131F /* Resources */ = {
			isa = PBXResourcesBuildPhase;
			files = (
			);
		};
		71BA791F300FD5EC0022131F /* Resources */ = {
			isa = PBXResourcesBuildPhase;
			files = (
			);
		};
/* End PBXResourcesBuildPhase section */

/* Begin PBXSourcesBuildPhase section */
		71BA7904300FD5EB0022131F /* Sources */ = {
			isa = PBXSourcesBuildPhase;
			files = (
			);
		};
		71BA7913300FD5EC0022131F /* Sources */ = {
			isa = PBXSourcesBuildPhase;
			files = (
			);
		};
		71BA791D300FD5EC0022131F /* Sources */ = {
			isa = PBXSourcesBuildPhase;
			files = (
			);
		};
/* End PBXSourcesBuildPhase section */

/* Begin PBXTargetDependency section */
		71BA7919300FD5EC0022131F /* PBXTargetDependency */ = {
			isa = PBXTargetDependency;
			target = 71BA7907300FD5EB0022131F /* ListenHere */;
			targetProxy = 71BA7918300FD5EC0022131F /* PBXContainerItemProxy */;
		};
		71BA7923300FD5EC0022131F /* PBXTargetDependency */ = {
			isa = PBXTargetDependency;
			target = 71BA7907300FD5EB0022131F /* ListenHere */;
			targetProxy = 71BA7922300FD5EC0022131F /* PBXContainerItemProxy */;
		};
/* End PBXTargetDependency section */

/* Begin XCBuildConfiguration section */
		71BA7927300FD5EC0022131F /* Debug configuration for PBXProject "ListenHere" */ = {
			isa = XCBuildConfiguration;
			buildSettings = {
				ALWAYS_SEARCH_USER_PATHS = NO;
				ASSETCATALOG_COMPILER_GENERATE_SWIFT_ASSET_SYMBOL_EXTENSIONS = YES;
				CLANG_ANALYZER_NONNULL = YES;
				CLANG_ANALYZER_NUMBER_OBJECT_CONVERSION = YES_AGGRESSIVE;
				CLANG_CXX_LANGUAGE_STANDARD = "gnu++20";
				CLANG_ENABLE_MODULES = YES;
				CLANG_ENABLE_OBJC_ARC = YES;
				CLANG_ENABLE_OBJC_WEAK = YES;
				CLANG_WARN_BLOCK_CAPTURE_AUTORELEASING = YES;
				CLANG_WARN_BOOL_CONVERSION = YES;
				CLANG_WARN_COMMA = YES;
				CLANG_WARN_CONSTANT_CONVERSION = YES;
				CLANG_WARN_DEPRECATED_OBJC_IMPLEMENTATIONS = YES;
				CLANG_WARN_DIRECT_OBJC_ISA_USAGE = YES_ERROR;
				CLANG_WARN_DOCUMENTATION_COMMENTS = YES;
				CLANG_WARN_EMPTY_BODY = YES;
				CLANG_WARN_ENUM_CONVERSION = YES;
				CLANG_WARN_INFINITE_RECURSION = YES;
				CLANG_WARN_INT_CONVERSION = YES;
				CLANG_WARN_NON_LITERAL_NULL_CONVERSION = YES;
				CLANG_WARN_OBJC_IMPLICIT_RETAIN_SELF = YES;
				CLANG_WARN_OBJC_LITERAL_CONVERSION = YES;
				CLANG_WARN_OBJC_ROOT_CLASS = YES_ERROR;
				CLANG_WARN_QUOTED_INCLUDE_IN_FRAMEWORK_HEADER = YES;
				CLANG_WARN_RANGE_LOOP_ANALYSIS = YES;
				CLANG_WARN_STRICT_PROTOTYPES = YES;
				CLANG_WARN_SUSPICIOUS_MOVE = YES;
				CLANG_WARN_UNGUARDED_AVAILABILITY = YES_AGGRESSIVE;
				CLANG_WARN_UNREACHABLE_CODE = YES;
				CLANG_WARN__DUPLICATE_METHOD_MATCH = YES;
				COPY_PHASE_STRIP = NO;
				DEBUG_INFORMATION_FORMAT = dwarf;
				ENABLE_STRICT_OBJC_MSGSEND = YES;
				ENABLE_TESTABILITY = YES;
				ENABLE_USER_SCRIPT_SANDBOXING = YES;
				GCC_C_LANGUAGE_STANDARD = gnu17;
				GCC_DYNAMIC_NO_PIC = NO;
				GCC_NO_COMMON_BLOCKS = YES;
				GCC_OPTIMIZATION_LEVEL = 0;
				GCC_PREPROCESSOR_DEFINITIONS = (
					"DEBUG=1",
					"$(inherited)",
				);
				GCC_WARN_64_TO_32_BIT_CONVERSION = YES;
				GCC_WARN_ABOUT_RETURN_TYPE = YES_ERROR;
				GCC_WARN_UNDECLARED_SELECTOR = YES;
				GCC_WARN_UNINITIALIZED_AUTOS = YES_AGGRESSIVE;
				GCC_WARN_UNUSED_FUNCTION = YES;
				GCC_WARN_UNUSED_VARIABLE = YES;
				IPHONEOS_DEPLOYMENT_TARGET = 27.0;
				LOCALIZATION_PREFERS_STRING_CATALOGS = YES;
				MTL_ENABLE_DEBUG_INFO = INCLUDE_SOURCE;
				MTL_FAST_MATH = YES;
				ONLY_ACTIVE_ARCH = YES;
				SDKROOT = iphoneos;
				SWIFT_ACTIVE_COMPILATION_CONDITIONS = "DEBUG $(inherited)";
				SWIFT_OPTIMIZATION_LEVEL = "-Onone";
			};
			name = Debug;
		};
		71BA7928300FD5EC0022131F /* Release configuration for PBXProject "ListenHere" */ = {
			isa = XCBuildConfiguration;
			buildSettings = {
				ALWAYS_SEARCH_USER_PATHS = NO;
				ASSETCATALOG_COMPILER_GENERATE_SWIFT_ASSET_SYMBOL_EXTENSIONS = YES;
				CLANG_ANALYZER_NONNULL = YES;
				CLANG_ANALYZER_NUMBER_OBJECT_CONVERSION = YES_AGGRESSIVE;
				CLANG_CXX_LANGUAGE_STANDARD = "gnu++20";
				CLANG_ENABLE_MODULES = YES;
				CLANG_ENABLE_OBJC_ARC = YES;
				CLANG_ENABLE_OBJC_WEAK = YES;
				CLANG_WARN_BLOCK_CAPTURE_AUTORELEASING = YES;
				CLANG_WARN_BOOL_CONVERSION = YES;
				CLANG_WARN_COMMA = YES;
				CLANG_WARN_CONSTANT_CONVERSION = YES;
				CLANG_WARN_DEPRECATED_OBJC_IMPLEMENTATIONS = YES;
				CLANG_WARN_DIRECT_OBJC_ISA_USAGE = YES_ERROR;
				CLANG_WARN_DOCUMENTATION_COMMENTS = YES;
				CLANG_WARN_EMPTY_BODY = YES;
				CLANG_WARN_ENUM_CONVERSION = YES;
				CLANG_WARN_INFINITE_RECURSION = YES;
				CLANG_WARN_INT_CONVERSION = YES;
				CLANG_WARN_NON_LITERAL_NULL_CONVERSION = YES;
				CLANG_WARN_OBJC_IMPLICIT_RETAIN_SELF = YES;
				CLANG_WARN_OBJC_LITERAL_CONVERSION = YES;
				CLANG_WARN_OBJC_ROOT_CLASS = YES_ERROR;
				CLANG_WARN_QUOTED_INCLUDE_IN_FRAMEWORK_HEADER = YES;
				CLANG_WARN_RANGE_LOOP_ANALYSIS = YES;
				CLANG_WARN_STRICT_PROTOTYPES = YES;
				CLANG_WARN_SUSPICIOUS_MOVE = YES;
				CLANG_WARN_UNGUARDED_AVAILABILITY = YES_AGGRESSIVE;
				CLANG_WARN_UNREACHABLE_CODE = YES;
				CLANG_WARN__DUPLICATE_METHOD_MATCH = YES;
				COPY_PHASE_STRIP = NO;
				DEBUG_INFORMATION_FORMAT = "dwarf-with-dsym";
				ENABLE_NS_ASSERTIONS = NO;
				ENABLE_STRICT_OBJC_MSGSEND = YES;
				ENABLE_USER_SCRIPT_SANDBOXING = YES;
				GCC_C_LANGUAGE_STANDARD = gnu17;
				GCC_NO_COMMON_BLOCKS = YES;
				GCC_WARN_64_TO_32_BIT_CONVERSION = YES;
				GCC_WARN_ABOUT_RETURN_TYPE = YES_ERROR;
				GCC_WARN_UNDECLARED_SELECTOR = YES;
				GCC_WARN_UNINITIALIZED_AUTOS = YES_AGGRESSIVE;
				GCC_WARN_UNUSED_FUNCTION = YES;
				GCC_WARN_UNUSED_VARIABLE = YES;
				IPHONEOS_DEPLOYMENT_TARGET = 27.0;
				LOCALIZATION_PREFERS_STRING_CATALOGS = YES;
				MTL_ENABLE_DEBUG_INFO = NO;
				MTL_FAST_MATH = YES;
				SDKROOT = iphoneos;
				SWIFT_COMPILATION_MODE = wholemodule;
				VALIDATE_PRODUCT = YES;
			};
			name = Release;
		};
		71BA792A300FD5EC0022131F /* Debug configuration for PBXNativeTarget "ListenHere" */ = {
			isa = XCBuildConfiguration;
			buildSettings = {
				ASSETCATALOG_COMPILER_APPICON_NAME = AppIcon;
				ASSETCATALOG_COMPILER_GLOBAL_ACCENT_COLOR_NAME = AccentColor;
				CODE_SIGN_STYLE = Automatic;
				CURRENT_PROJECT_VERSION = 1;
				DEVELOPMENT_ASSET_PATHS = "\"ListenHere/Preview Content\"";
				DEVELOPMENT_TEAM = MGV664U6HH;
				ENABLE_PREVIEWS = YES;
				GENERATE_INFOPLIST_FILE = YES;
				INFOPLIST_KEY_NSCameraUsageDescription = "ListenHere uses the camera to capture a photo for your memories.";
				INFOPLIST_KEY_NSMicrophoneUsageDescription = "ListenHere uses the microphone to capture ambient sound for your memories.";
				INFOPLIST_KEY_UIApplicationSceneManifest_Generation = YES;
				INFOPLIST_KEY_UIApplicationSupportsIndirectInputEvents = YES;
				INFOPLIST_KEY_UILaunchScreen_Generation = YES;
				INFOPLIST_KEY_UISupportedInterfaceOrientations_iPad = "UIInterfaceOrientationPortrait UIInterfaceOrientationPortraitUpsideDown UIInterfaceOrientationLandscapeLeft UIInterfaceOrientationLandscapeRight";
				INFOPLIST_KEY_UISupportedInterfaceOrientations_iPhone = "UIInterfaceOrientationPortrait UIInterfaceOrientationLandscapeLeft UIInterfaceOrientationLandscapeRight";
				IPHONEOS_DEPLOYMENT_TARGET = 27.0;
				LD_RUNPATH_SEARCH_PATHS = (
					"$(inherited)",
					"@executable_path/Frameworks",
				);
				MARKETING_VERSION = 1.0;
				PRODUCT_BUNDLE_IDENTIFIER = com.tysonpitcher.ListenHere;
				PRODUCT_NAME = "$(TARGET_NAME)";
				STRING_CATALOG_GENERATE_SYMBOLS = YES;
				SWIFT_APPROACHABLE_CONCURRENCY = YES;
				SWIFT_DEFAULT_ACTOR_ISOLATION = MainActor;
				SWIFT_EMIT_LOC_STRINGS = YES;
				SWIFT_UPCOMING_FEATURE_MEMBER_IMPORT_VISIBILITY = YES;
				SWIFT_VERSION = 5.0;
				TARGETED_DEVICE_FAMILY = "1,2";
			};
			name = Debug;
		};
		71BA792B300FD5EC0022131F /* Release configuration for PBXNativeTarget "ListenHere" */ = {
			isa = XCBuildConfiguration;
			buildSettings = {
				ASSETCATALOG_COMPILER_APPICON_NAME = AppIcon;
				ASSETCATALOG_COMPILER_GLOBAL_ACCENT_COLOR_NAME = AccentColor;
				CODE_SIGN_STYLE = Automatic;
				CURRENT_PROJECT_VERSION = 1;
				DEVELOPMENT_TEAM = MGV664U6HH;
				ENABLE_PREVIEWS = YES;
				GENERATE_INFOPLIST_FILE = YES;
				INFOPLIST_KEY_NSCameraUsageDescription = "ListenHere uses the camera to capture a photo for your memories.";
				INFOPLIST_KEY_NSMicrophoneUsageDescription = "ListenHere uses the microphone to capture ambient sound for your memories.";
				INFOPLIST_KEY_UIApplicationSceneManifest_Generation = YES;
				INFOPLIST_KEY_UIApplicationSupportsIndirectInputEvents = YES;
				INFOPLIST_KEY_UILaunchScreen_Generation = YES;
				INFOPLIST_KEY_UISupportedInterfaceOrientations_iPad = "UIInterfaceOrientationPortrait UIInterfaceOrientationPortraitUpsideDown UIInterfaceOrientationLandscapeLeft UIInterfaceOrientationLandscapeRight";
				INFOPLIST_KEY_UISupportedInterfaceOrientations_iPhone = "UIInterfaceOrientationPortrait UIInterfaceOrientationLandscapeLeft UIInterfaceOrientationLandscapeRight";
				IPHONEOS_DEPLOYMENT_TARGET = 27.0;
				LD_RUNPATH_SEARCH_PATHS = (
					"$(inherited)",
					"@executable_path/Frameworks",
				);
				MARKETING_VERSION = 1.0;
				PRODUCT_BUNDLE_IDENTIFIER = com.tysonpitcher.ListenHere;
				PRODUCT_NAME = "$(TARGET_NAME)";
				STRING_CATALOG_GENERATE_SYMBOLS = YES;
				SWIFT_APPROACHABLE_CONCURRENCY = YES;
				SWIFT_DEFAULT_ACTOR_ISOLATION = MainActor;
				SWIFT_EMIT_LOC_STRINGS = YES;
				SWIFT_UPCOMING_FEATURE_MEMBER_IMPORT_VISIBILITY = YES;
				SWIFT_VERSION = 5.0;
				TARGETED_DEVICE_FAMILY = "1,2";
			};
			name = Release;
		};
		71BA792D300FD5EC0022131F /* Debug configuration for PBXNativeTarget "ListenHereTests" */ = {
			isa = XCBuildConfiguration;
			buildSettings = {
				BUNDLE_LOADER = "$(TEST_HOST)";
				CODE_SIGN_STYLE = Automatic;
				CURRENT_PROJECT_VERSION = 1;
				DEVELOPMENT_TEAM = MGV664U6HH;
				GENERATE_INFOPLIST_FILE = YES;
				IPHONEOS_DEPLOYMENT_TARGET = 27.0;
				MARKETING_VERSION = 1.0;
				PRODUCT_BUNDLE_IDENTIFIER = com.tysonpitcher.ListenHereTests;
				PRODUCT_NAME = "$(TARGET_NAME)";
				STRING_CATALOG_GENERATE_SYMBOLS = NO;
				SWIFT_APPROACHABLE_CONCURRENCY = YES;
				SWIFT_EMIT_LOC_STRINGS = NO;
				SWIFT_UPCOMING_FEATURE_MEMBER_IMPORT_VISIBILITY = YES;
				SWIFT_VERSION = 5.0;
				TARGETED_DEVICE_FAMILY = "1,2";
				TEST_HOST = "$(BUILT_PRODUCTS_DIR)/ListenHere.app/$(BUNDLE_EXECUTABLE_FOLDER_PATH)/ListenHere";
			};
			name = Debug;
		};
		71BA792E300FD5EC0022131F /* Release configuration for PBXNativeTarget "ListenHereTests" */ = {
			isa = XCBuildConfiguration;
			buildSettings = {
				BUNDLE_LOADER = "$(TEST_HOST)";
				CODE_SIGN_STYLE = Automatic;
				CURRENT_PROJECT_VERSION = 1;
				DEVELOPMENT_TEAM = MGV664U6HH;
				GENERATE_INFOPLIST_FILE = YES;
				IPHONEOS_DEPLOYMENT_TARGET = 27.0;
				MARKETING_VERSION = 1.0;
				PRODUCT_BUNDLE_IDENTIFIER = com.tysonpitcher.ListenHereTests;
				PRODUCT_NAME = "$(TARGET_NAME)";
				STRING_CATALOG_GENERATE_SYMBOLS = NO;
				SWIFT_APPROACHABLE_CONCURRENCY = YES;
				SWIFT_EMIT_LOC_STRINGS = NO;
				SWIFT_UPCOMING_FEATURE_MEMBER_IMPORT_VISIBILITY = YES;
				SWIFT_VERSION = 5.0;
				TARGETED_DEVICE_FAMILY = "1,2";
				TEST_HOST = "$(BUILT_PRODUCTS_DIR)/ListenHere.app/$(BUNDLE_EXECUTABLE_FOLDER_PATH)/ListenHere";
			};
			name = Release;
		};
		71BA7930300FD5EC0022131F /* Debug configuration for PBXNativeTarget "ListenHereUITests" */ = {
			isa = XCBuildConfiguration;
			buildSettings = {
				CODE_SIGN_STYLE = Automatic;
				CURRENT_PROJECT_VERSION = 1;
				DEVELOPMENT_TEAM = MGV664U6HH;
				GENERATE_INFOPLIST_FILE = YES;
				IPHONEOS_DEPLOYMENT_TARGET = 27.0;
				MARKETING_VERSION = 1.0;
				PRODUCT_BUNDLE_IDENTIFIER = com.tysonpitcher.ListenHereUITests;
				PRODUCT_NAME = "$(TARGET_NAME)";
				STRING_CATALOG_GENERATE_SYMBOLS = NO;
				SWIFT_APPROACHABLE_CONCURRENCY = YES;
				SWIFT_EMIT_LOC_STRINGS = NO;
				SWIFT_UPCOMING_FEATURE_MEMBER_IMPORT_VISIBILITY = YES;
				SWIFT_VERSION = 5.0;
				TARGETED_DEVICE_FAMILY = "1,2";
				TEST_TARGET_NAME = ListenHere;
			};
			name = Debug;
		};
		71BA7931300FD5EC0022131F /* Release configuration for PBXNativeTarget "ListenHereUITests" */ = {
			isa = XCBuildConfiguration;
			buildSettings = {
				CODE_SIGN_STYLE = Automatic;
				CURRENT_PROJECT_VERSION = 1;
				DEVELOPMENT_TEAM = MGV664U6HH;
				GENERATE_INFOPLIST_FILE = YES;
				IPHONEOS_DEPLOYMENT_TARGET = 27.0;
				MARKETING_VERSION = 1.0;
				PRODUCT_BUNDLE_IDENTIFIER = com.tysonpitcher.ListenHereUITests;
				PRODUCT_NAME = "$(TARGET_NAME)";
				STRING_CATALOG_GENERATE_SYMBOLS = NO;
				SWIFT_APPROACHABLE_CONCURRENCY = YES;
				SWIFT_EMIT_LOC_STRINGS = NO;
				SWIFT_UPCOMING_FEATURE_MEMBER_IMPORT_VISIBILITY = YES;
				SWIFT_VERSION = 5.0;
				TARGETED_DEVICE_FAMILY = "1,2";
				TEST_TARGET_NAME = ListenHere;
			};
			name = Release;
		};
/* End XCBuildConfiguration section */

/* Begin XCConfigurationList section */
		71BA7903300FD5EB0022131F /* Build configuration list for PBXProject "ListenHere" */ = {
			isa = XCConfigurationList;
			buildConfigurations = (
				71BA7927300FD5EC0022131F /* Debug configuration for PBXProject "ListenHere" */,
				71BA7928300FD5EC0022131F /* Release configuration for PBXProject "ListenHere" */,
			);
			defaultConfigurationName = Release;
		};
		71BA7929300FD5EC0022131F /* Build configuration list for PBXNativeTarget "ListenHere" */ = {
			isa = XCConfigurationList;
			buildConfigurations = (
				71BA792A300FD5EC0022131F /* Debug configuration for PBXNativeTarget "ListenHere" */,
				71BA792B300FD5EC0022131F /* Release configuration for PBXNativeTarget "ListenHere" */,
			);
			defaultConfigurationName = Release;
		};
		71BA792C300FD5EC0022131F /* Build configuration list for PBXNativeTarget "ListenHereTests" */ = {
			isa = XCConfigurationList;
			buildConfigurations = (
				71BA792D300FD5EC0022131F /* Debug configuration for PBXNativeTarget "ListenHereTests" */,
				71BA792E300FD5EC0022131F /* Release configuration for PBXNativeTarget "ListenHereTests" */,
			);
			defaultConfigurationName = Release;
		};
		71BA792F300FD5EC0022131F /* Build configuration list for PBXNativeTarget "ListenHereUITests" */ = {
			isa = XCConfigurationList;
			buildConfigurations = (
				71BA7930300FD5EC0022131F /* Debug configuration for PBXNativeTarget "ListenHereUITests" */,
				71BA7931300FD5EC0022131F /* Release configuration for PBXNativeTarget "ListenHereUITests" */,
			);
			defaultConfigurationName = Release;
		};
/* End XCConfigurationList section */
	};
	rootObject = 71BA7900300FD5EB0022131F /* Project object */;
	validationLevel = 1;
}
